// !$*UTF8*$!
{
	archiveVersion = 1;
	classes = {
	};
	objectVersion = 48;
	objects = {

/* Begin PBXBuildFile section */
		EA368CD41FE724E1001F262D /* AskMonaApi.framework in Frameworks */ = {isa = PBXBuildFile; fileRef = EA368CCA1FE724E1001F262D /* AskMonaApi.framework */; };
		EA368CD91FE724E1001F262D /* AskMonaApiTests.swift in Sources */ = {isa = PBXBuildFile; fileRef = EA368CD81FE724E1001F262D /* AskMonaApiTests.swift */; };
		EA368CDB1FE724E1001F262D /* AskMonaApi.h in Headers */ = {isa = PBXBuildFile; fileRef = EA368CCD1FE724E1001F262D /* AskMonaApi.h */; settings = {ATTRIBUTES = (Public, ); }; };
		EA368CEC1FE727A2001F262D /* ApiRequestSetting.swift in Sources */ = {isa = PBXBuildFile; fileRef = EA368CEB1FE727A2001F262D /* ApiRequestSetting.swift */; };
		EA368CF31FE734C1001F262D /* APIKit.framework in Frameworks */ = {isa = PBXBuildFile; fileRef = EA368CF11FE734C1001F262D /* APIKit.framework */; };
		EA368CF51FE73519001F262D /* Result.framework in Frameworks */ = {isa = PBXBuildFile; fileRef = EA368CF01FE734C1001F262D /* Result.framework */; };
		EA368CF61FE73563001F262D /* APIKit.framework in Frameworks */ = {isa = PBXBuildFile; fileRef = EA368CF11FE734C1001F262D /* APIKit.framework */; };
		EA368CF71FE73563001F262D /* Result.framework in Frameworks */ = {isa = PBXBuildFile; fileRef = EA368CF01FE734C1001F262D /* Result.framework */; };
		EA368CFB1FE73563001F262D /* OHHTTPStubs.framework in Frameworks */ = {isa = PBXBuildFile; fileRef = EA368CF81FE73563001F262D /* OHHTTPStubs.framework */; };
		EA368CFC1FE73563001F262D /* Quick.framework in Frameworks */ = {isa = PBXBuildFile; fileRef = EA368CF91FE73563001F262D /* Quick.framework */; };
		EA368CFD1FE73563001F262D /* Nimble.framework in Frameworks */ = {isa = PBXBuildFile; fileRef = EA368CFA1FE73563001F262D /* Nimble.framework */; };
		EA368D131FE73619001F262D /* Nimble.framework in CopyFiles */ = {isa = PBXBuildFile; fileRef = EA368CFA1FE73563001F262D /* Nimble.framework */; settings = {ATTRIBUTES = (CodeSignOnCopy, RemoveHeadersOnCopy, ); }; };
		EA368D141FE73619001F262D /* OHHTTPStubs.framework in CopyFiles */ = {isa = PBXBuildFile; fileRef = EA368CF81FE73563001F262D /* OHHTTPStubs.framework */; settings = {ATTRIBUTES = (CodeSignOnCopy, RemoveHeadersOnCopy, ); }; };
		EA368D151FE73619001F262D /* Quick.framework in CopyFiles */ = {isa = PBXBuildFile; fileRef = EA368CF91FE73563001F262D /* Quick.framework */; settings = {ATTRIBUTES = (CodeSignOnCopy, RemoveHeadersOnCopy, ); }; };
		EA368D161FE73619001F262D /* APIKit.framework in CopyFiles */ = {isa = PBXBuildFile; fileRef = EA368CF11FE734C1001F262D /* APIKit.framework */; settings = {ATTRIBUTES = (CodeSignOnCopy, RemoveHeadersOnCopy, ); }; };
		EA368D171FE73619001F262D /* Result.framework in CopyFiles */ = {isa = PBXBuildFile; fileRef = EA368CF01FE734C1001F262D /* Result.framework */; settings = {ATTRIBUTES = (CodeSignOnCopy, RemoveHeadersOnCopy, ); }; };
		EA368D191FE7372B001F262D /* AskMonaApiClientRequestSpec.swift in Sources */ = {isa = PBXBuildFile; fileRef = EA368D181FE7372B001F262D /* AskMonaApiClientRequestSpec.swift */; };
		EA368D1B1FE73D9D001F262D /* AskMonaRequest.swift in Sources */ = {isa = PBXBuildFile; fileRef = EA368D1A1FE73D9D001F262D /* AskMonaRequest.swift */; };
		EA368D1F1FE73E18001F262D /* AskMonaSessionTask.swift in Sources */ = {isa = PBXBuildFile; fileRef = EA368D1E1FE73E18001F262D /* AskMonaSessionTask.swift */; };
		EA368D211FE73EA4001F262D /* AskMonaApiError.swift in Sources */ = {isa = PBXBuildFile; fileRef = EA368D201FE73EA4001F262D /* AskMonaApiError.swift */; };
		EA368D231FE73EDF001F262D /* AskMonaApiClient.swift in Sources */ = {isa = PBXBuildFile; fileRef = EA368D221FE73EDF001F262D /* AskMonaApiClient.swift */; };
		EA8B04181FF14562008D51EB /* Topic.swift in Sources */ = {isa = PBXBuildFile; fileRef = EA8B04171FF14562008D51EB /* Topic.swift */; };
		EA8B041F1FF1D1B6008D51EB /* CommentRequest.swift in Sources */ = {isa = PBXBuildFile; fileRef = EA8B041E1FF1D1B6008D51EB /* CommentRequest.swift */; };
		EA8B04211FF1D1C4008D51EB /* CommentListRequest.swift in Sources */ = {isa = PBXBuildFile; fileRef = EA8B04201FF1D1C4008D51EB /* CommentListRequest.swift */; };
		EA8B04241FF1D2E9008D51EB /* Comments.swift in Sources */ = {isa = PBXBuildFile; fileRef = EA8B04231FF1D2E9008D51EB /* Comments.swift */; };
		EA8B04261FF1D2F1008D51EB /* Comment.swift in Sources */ = {isa = PBXBuildFile; fileRef = EA8B04251FF1D2F1008D51EB /* Comment.swift */; };
		EA8B04291FF1E180008D51EB /* CommentRequestWithNetworkSpec.swift in Sources */ = {isa = PBXBuildFile; fileRef = EA8B04281FF1E180008D51EB /* CommentRequestWithNetworkSpec.swift */; };
		EA8B042B1FF1E18B008D51EB /* CommentRequestSpec.swift in Sources */ = {isa = PBXBuildFile; fileRef = EA8B042A1FF1E18B008D51EB /* CommentRequestSpec.swift */; };
		EAD80BD31FEE699300D51E80 /* TopicApiError.swift in Sources */ = {isa = PBXBuildFile; fileRef = EAD80BD21FEE699300D51E80 /* TopicApiError.swift */; };
		EAD80BD51FEE6BFD00D51E80 /* TopicRequest.swift in Sources */ = {isa = PBXBuildFile; fileRef = EAD80BD41FEE6BFD00D51E80 /* TopicRequest.swift */; };
		EAD80BD81FEF3CEF00D51E80 /* Topics.swift in Sources */ = {isa = PBXBuildFile; fileRef = EAD80BD71FEF3CEF00D51E80 /* Topics.swift */; };
		EAD80BDA1FEF485C00D51E80 /* TopicListRequest.swift in Sources */ = {isa = PBXBuildFile; fileRef = EAD80BD91FEF485C00D51E80 /* TopicListRequest.swift */; };
		EAD80BDF1FEF4B2D00D51E80 /* TopicRequestSpec.swift in Sources */ = {isa = PBXBuildFile; fileRef = EAD80BDE1FEF4B2D00D51E80 /* TopicRequestSpec.swift */; };
		EAD80BE11FEF4E7100D51E80 /* TopicRequestWithNetworkSpec.swift in Sources */ = {isa = PBXBuildFile; fileRef = EAD80BE01FEF4E7100D51E80 /* TopicRequestWithNetworkSpec.swift */; };
		EAD80BE41FEF4F2000D51E80 /* TestError.swift in Sources */ = {isa = PBXBuildFile; fileRef = EAD80BE31FEF4F2000D51E80 /* TestError.swift */; };
/* End PBXBuildFile section */

/* Begin PBXContainerItemProxy section */
		EA368CD51FE724E1001F262D /* PBXContainerItemProxy */ = {
			isa = PBXContainerItemProxy;
			containerPortal = EA368CC11FE724E1001F262D /* Project object */;
			proxyType = 1;
			remoteGlobalIDString = EA368CC91FE724E1001F262D;
			remoteInfo = AskMonaApi;
		};
/* End PBXContainerItemProxy section */

/* Begin PBXCopyFilesBuildPhase section */
		EA368D121FE73611001F262D /* CopyFiles */ = {
			isa = PBXCopyFilesBuildPhase;
			buildActionMask = 2147483647;
			dstPath = "";
			dstSubfolderSpec = 10;
			files = (
				EA368D131FE73619001F262D /* Nimble.framework in CopyFiles */,
				EA368D141FE73619001F262D /* OHHTTPStubs.framework in CopyFiles */,
				EA368D151FE73619001F262D /* Quick.framework in CopyFiles */,
				EA368D161FE73619001F262D /* APIKit.framework in CopyFiles */,
				EA368D171FE73619001F262D /* Result.framework in CopyFiles */,
			);
			runOnlyForDeploymentPostprocessing = 0;
		};
/* End PBXCopyFilesBuildPhase section */

/* Begin PBXFileReference section */
		EA368CCA1FE724E1001F262D /* AskMonaApi.framework */ = {isa = PBXFileReference; explicitFileType = wrapper.framework; includeInIndex = 0; path = AskMonaApi.framework; sourceTree = BUILT_PRODUCTS_DIR; };
		EA368CCD1FE724E1001F262D /* AskMonaApi.h */ = {isa = PBXFileReference; lastKnownFileType = sourcecode.c.h; path = AskMonaApi.h; sourceTree = "<group>"; };
		EA368CCE1FE724E1001F262D /* Info.plist */ = {isa = PBXFileReference; lastKnownFileType = text.plist.xml; path = Info.plist; sourceTree = "<group>"; };
		EA368CD31FE724E1001F262D /* AskMonaApiTests.xctest */ = {isa = PBXFileReference; explicitFileType = wrapper.cfbundle; includeInIndex = 0; path = AskMonaApiTests.xctest; sourceTree = BUILT_PRODUCTS_DIR; };
		EA368CD81FE724E1001F262D /* AskMonaApiTests.swift */ = {isa = PBXFileReference; lastKnownFileType = sourcecode.swift; path = AskMonaApiTests.swift; sourceTree = "<group>"; };
		EA368CDA1FE724E1001F262D /* Info.plist */ = {isa = PBXFileReference; lastKnownFileType = text.plist.xml; path = Info.plist; sourceTree = "<group>"; };
		EA368CEB1FE727A2001F262D /* ApiRequestSetting.swift */ = {isa = PBXFileReference; lastKnownFileType = sourcecode.swift; path = ApiRequestSetting.swift; sourceTree = "<group>"; };
		EA368CF01FE734C1001F262D /* Result.framework */ = {isa = PBXFileReference; lastKnownFileType = wrapper.framework; name = Result.framework; path = Carthage/Build/iOS/Result.framework; sourceTree = "<group>"; };
		EA368CF11FE734C1001F262D /* APIKit.framework */ = {isa = PBXFileReference; lastKnownFileType = wrapper.framework; name = APIKit.framework; path = Carthage/Build/iOS/APIKit.framework; sourceTree = "<group>"; };
		EA368CF81FE73563001F262D /* OHHTTPStubs.framework */ = {isa = PBXFileReference; lastKnownFileType = wrapper.framework; name = OHHTTPStubs.framework; path = Carthage/Build/iOS/OHHTTPStubs.framework; sourceTree = "<group>"; };
		EA368CF91FE73563001F262D /* Quick.framework */ = {isa = PBXFileReference; lastKnownFileType = wrapper.framework; name = Quick.framework; path = Carthage/Build/iOS/Quick.framework; sourceTree = "<group>"; };
		EA368CFA1FE73563001F262D /* Nimble.framework */ = {isa = PBXFileReference; lastKnownFileType = wrapper.framework; name = Nimble.framework; path = Carthage/Build/iOS/Nimble.framework; sourceTree = "<group>"; };
		EA368D181FE7372B001F262D /* AskMonaApiClientRequestSpec.swift */ = {isa = PBXFileReference; lastKnownFileType = sourcecode.swift; path = AskMonaApiClientRequestSpec.swift; sourceTree = "<group>"; };
		EA368D1A1FE73D9D001F262D /* AskMonaRequest.swift */ = {isa = PBXFileReference; lastKnownFileType = sourcecode.swift; path = AskMonaRequest.swift; sourceTree = "<group>"; };
		EA368D1E1FE73E18001F262D /* AskMonaSessionTask.swift */ = {isa = PBXFileReference; lastKnownFileType = sourcecode.swift; path = AskMonaSessionTask.swift; sourceTree = "<group>"; };
		EA368D201FE73EA4001F262D /* AskMonaApiError.swift */ = {isa = PBXFileReference; lastKnownFileType = sourcecode.swift; path = AskMonaApiError.swift; sourceTree = "<group>"; };
		EA368D221FE73EDF001F262D /* AskMonaApiClient.swift */ = {isa = PBXFileReference; lastKnownFileType = sourcecode.swift; path = AskMonaApiClient.swift; sourceTree = "<group>"; };
		EA8B04171FF14562008D51EB /* Topic.swift */ = {isa = PBXFileReference; lastKnownFileType = sourcecode.swift; path = Topic.swift; sourceTree = "<group>"; };
		EA8B041E1FF1D1B6008D51EB /* CommentRequest.swift */ = {isa = PBXFileReference; lastKnownFileType = sourcecode.swift; path = CommentRequest.swift; sourceTree = "<group>"; };
		EA8B04201FF1D1C4008D51EB /* CommentListRequest.swift */ = {isa = PBXFileReference; lastKnownFileType = sourcecode.swift; path = CommentListRequest.swift; sourceTree = "<group>"; };
		EA8B04231FF1D2E9008D51EB /* Comments.swift */ = {isa = PBXFileReference; lastKnownFileType = sourcecode.swift; path = Comments.swift; sourceTree = "<group>"; };
		EA8B04251FF1D2F1008D51EB /* Comment.swift */ = {isa = PBXFileReference; lastKnownFileType = sourcecode.swift; path = Comment.swift; sourceTree = "<group>"; };
		EA8B04281FF1E180008D51EB /* CommentRequestWithNetworkSpec.swift */ = {isa = PBXFileReference; lastKnownFileType = sourcecode.swift; path = CommentRequestWithNetworkSpec.swift; sourceTree = "<group>"; };
		EA8B042A1FF1E18B008D51EB /* CommentRequestSpec.swift */ = {isa = PBXFileReference; lastKnownFileType = sourcecode.swift; path = CommentRequestSpec.swift; sourceTree = "<group>"; };
		EAD80BD21FEE699300D51E80 /* TopicApiError.swift */ = {isa = PBXFileReference; lastKnownFileType = sourcecode.swift; path = TopicApiError.swift; sourceTree = "<group>"; };
		EAD80BD41FEE6BFD00D51E80 /* TopicRequest.swift */ = {isa = PBXFileReference; lastKnownFileType = sourcecode.swift; path = TopicRequest.swift; sourceTree = "<group>"; };
		EAD80BD71FEF3CEF00D51E80 /* Topics.swift */ = {isa = PBXFileReference; lastKnownFileType = sourcecode.swift; path = Topics.swift; sourceTree = "<group>"; };
		EAD80BD91FEF485C00D51E80 /* TopicListRequest.swift */ = {isa = PBXFileReference; lastKnownFileType = sourcecode.swift; path = TopicListRequest.swift; sourceTree = "<group>"; };
		EAD80BDE1FEF4B2D00D51E80 /* TopicRequestSpec.swift */ = {isa = PBXFileReference; lastKnownFileType = sourcecode.swift; path = TopicRequestSpec.swift; sourceTree = "<group>"; };
		EAD80BE01FEF4E7100D51E80 /* TopicRequestWithNetworkSpec.swift */ = {isa = PBXFileReference; lastKnownFileType = sourcecode.swift; path = TopicRequestWithNetworkSpec.swift; sourceTree = "<group>"; };
		EAD80BE31FEF4F2000D51E80 /* TestError.swift */ = {isa = PBXFileReference; lastKnownFileType = sourcecode.swift; path = TestError.swift; sourceTree = "<group>"; };
/* End PBXFileReference section */

/* Begin PBXFrameworksBuildPhase section */
		EA368CC61FE724E1001F262D /* Frameworks */ = {
			isa = PBXFrameworksBuildPhase;
			buildActionMask = 2147483647;
			files = (
				EA368CF51FE73519001F262D /* Result.framework in Frameworks */,
				EA368CF31FE734C1001F262D /* APIKit.framework in Frameworks */,
			);
			runOnlyForDeploymentPostprocessing = 0;
		};
		EA368CD01FE724E1001F262D /* Frameworks */ = {
			isa = PBXFrameworksBuildPhase;
			buildActionMask = 2147483647;
			files = (
				EA368CFB1FE73563001F262D /* OHHTTPStubs.framework in Frameworks */,
				EA368CFC1FE73563001F262D /* Quick.framework in Frameworks */,
				EA368CFD1FE73563001F262D /* Nimble.framework in Frameworks */,
				EA368CF61FE73563001F262D /* APIKit.framework in Frameworks */,
				EA368CF71FE73563001F262D /* Result.framework in Frameworks */,
				EA368CD41FE724E1001F262D /* AskMonaApi.framework in Frameworks */,
			);
			runOnlyForDeploymentPostprocessing = 0;
		};
/* End PBXFrameworksBuildPhase section */

/* Begin PBXGroup section */
		EA368CC01FE724E1001F262D = {
			isa = PBXGroup;
			children = (
				EA368CCC1FE724E1001F262D /* AskMonaApi */,
				EA368CD71FE724E1001F262D /* AskMonaApiTests */,
				EA368CCB1FE724E1001F262D /* Products */,
				EA368CEF1FE734C1001F262D /* Frameworks */,
			);
			sourceTree = "<group>";
		};
		EA368CCB1FE724E1001F262D /* Products */ = {
			isa = PBXGroup;
			children = (
				EA368CCA1FE724E1001F262D /* AskMonaApi.framework */,
				EA368CD31FE724E1001F262D /* AskMonaApiTests.xctest */,
			);
			name = Products;
			sourceTree = "<group>";
		};
		EA368CCC1FE724E1001F262D /* AskMonaApi */ = {
			isa = PBXGroup;
			children = (
				EA368CEA1FE72697001F262D /* Network */,
				EA368CE81FE72697001F262D /* Models */,
				EA368CE91FE72697001F262D /* Extensions */,
				EA368CCD1FE724E1001F262D /* AskMonaApi.h */,
				EA368CCE1FE724E1001F262D /* Info.plist */,
			);
			path = AskMonaApi;
			sourceTree = "<group>";
		};
		EA368CD71FE724E1001F262D /* AskMonaApiTests */ = {
			isa = PBXGroup;
			children = (
				EA368CE51FE7268F001F262D /* Network */,
				EA368CE41FE7268F001F262D /* Models */,
				EA368CE71FE7268F001F262D /* Extensions */,
				EA368CE61FE7268F001F262D /* Resources */,
				EA368CD81FE724E1001F262D /* AskMonaApiTests.swift */,
				EA368CDA1FE724E1001F262D /* Info.plist */,
			);
			path = AskMonaApiTests;
			sourceTree = "<group>";
		};
		EA368CE41FE7268F001F262D /* Models */ = {
			isa = PBXGroup;
			children = (
			);
			path = Models;
			sourceTree = "<group>";
		};
		EA368CE51FE7268F001F262D /* Network */ = {
			isa = PBXGroup;
			children = (
				EA368D181FE7372B001F262D /* AskMonaApiClientRequestSpec.swift */,
				EAD80BDD1FEF4AFC00D51E80 /* Topic */,
				EA8B04271FF1E155008D51EB /* Comment */,
				EAD80BE21FEF4F1400D51E80 /* Utils */,
			);
			path = Network;
			sourceTree = "<group>";
		};
		EA368CE61FE7268F001F262D /* Resources */ = {
			isa = PBXGroup;
			children = (
			);
			path = Resources;
			sourceTree = "<group>";
		};
		EA368CE71FE7268F001F262D /* Extensions */ = {
			isa = PBXGroup;
			children = (
			);
			path = Extensions;
			sourceTree = "<group>";
		};
		EA368CE81FE72697001F262D /* Models */ = {
			isa = PBXGroup;
			children = (
				EAD80BD61FEF3CDA00D51E80 /* Topic */,
				EA8B04221FF1D2D9008D51EB /* Comment */,
			);
			path = Models;
			sourceTree = "<group>";
		};
		EA368CE91FE72697001F262D /* Extensions */ = {
			isa = PBXGroup;
			children = (
			);
			path = Extensions;
			sourceTree = "<group>";
		};
		EA368CEA1FE72697001F262D /* Network */ = {
			isa = PBXGroup;
			children = (
				EA368CEB1FE727A2001F262D /* ApiRequestSetting.swift */,
				EA434F241FED62C700F31E64 /* Client */,
				EA434F231FED62C700F31E64 /* Topic */,
				EA8B04191FF1CF6A008D51EB /* Comment */,
			);
			path = Network;
			sourceTree = "<group>";
		};
		EA368CEF1FE734C1001F262D /* Frameworks */ = {
			isa = PBXGroup;
			children = (
				EA368CFA1FE73563001F262D /* Nimble.framework */,
				EA368CF81FE73563001F262D /* OHHTTPStubs.framework */,
				EA368CF91FE73563001F262D /* Quick.framework */,
				EA368CF11FE734C1001F262D /* APIKit.framework */,
				EA368CF01FE734C1001F262D /* Result.framework */,
			);
			name = Frameworks;
			sourceTree = "<group>";
		};
		EA434F231FED62C700F31E64 /* Topic */ = {
			isa = PBXGroup;
			children = (
				EAD80BD21FEE699300D51E80 /* TopicApiError.swift */,
				EAD80BD41FEE6BFD00D51E80 /* TopicRequest.swift */,
				EAD80BD91FEF485C00D51E80 /* TopicListRequest.swift */,
			);
			path = Topic;
			sourceTree = "<group>";
		};
		EA434F241FED62C700F31E64 /* Client */ = {
			isa = PBXGroup;
			children = (
				EA368D221FE73EDF001F262D /* AskMonaApiClient.swift */,
				EA368D201FE73EA4001F262D /* AskMonaApiError.swift */,
				EA368D1A1FE73D9D001F262D /* AskMonaRequest.swift */,
				EA368D1E1FE73E18001F262D /* AskMonaSessionTask.swift */,
			);
			path = Client;
			sourceTree = "<group>";
		};
		EA8B04191FF1CF6A008D51EB /* Comment */ = {
			isa = PBXGroup;
			children = (
				EA8B041E1FF1D1B6008D51EB /* CommentRequest.swift */,
				EA8B04201FF1D1C4008D51EB /* CommentListRequest.swift */,
			);
			path = Comment;
			sourceTree = "<group>";
		};
		EA8B04221FF1D2D9008D51EB /* Comment */ = {
			isa = PBXGroup;
			children = (
				EA8B04231FF1D2E9008D51EB /* Comments.swift */,
				EA8B04251FF1D2F1008D51EB /* Comment.swift */,
			);
			path = Comment;
			sourceTree = "<group>";
		};
		EA8B04271FF1E155008D51EB /* Comment */ = {
			isa = PBXGroup;
			children = (
				EA8B042A1FF1E18B008D51EB /* CommentRequestSpec.swift */,
				EA8B04281FF1E180008D51EB /* CommentRequestWithNetworkSpec.swift */,
			);
			path = Comment;
			sourceTree = "<group>";
		};
		EAD80BD61FEF3CDA00D51E80 /* Topic */ = {
			isa = PBXGroup;
			children = (
				EAD80BD71FEF3CEF00D51E80 /* Topics.swift */,
				EA8B04171FF14562008D51EB /* Topic.swift */,
			);
			path = Topic;
			sourceTree = "<group>";
		};
		EAD80BDD1FEF4AFC00D51E80 /* Topic */ = {
			isa = PBXGroup;
			children = (
				EAD80BDE1FEF4B2D00D51E80 /* TopicRequestSpec.swift */,
				EAD80BE01FEF4E7100D51E80 /* TopicRequestWithNetworkSpec.swift */,
			);
			path = Topic;
			sourceTree = "<group>";
		};
		EAD80BE21FEF4F1400D51E80 /* Utils */ = {
			isa = PBXGroup;
			children = (
				EAD80BE31FEF4F2000D51E80 /* TestError.swift */,
			);
			path = Utils;
			sourceTree = "<group>";
		};
/* End PBXGroup section */

/* Begin PBXHeadersBuildPhase section */
		EA368CC71FE724E1001F262D /* Headers */ = {
			isa = PBXHeadersBuildPhase;
			buildActionMask = 2147483647;
			files = (
				EA368CDB1FE724E1001F262D /* AskMonaApi.h in Headers */,
			);
			runOnlyForDeploymentPostprocessing = 0;
		};
/* End PBXHeadersBuildPhase section */

/* Begin PBXNativeTarget section */
		EA368CC91FE724E1001F262D /* AskMonaApi */ = {
			isa = PBXNativeTarget;
			buildConfigurationList = EA368CDE1FE724E1001F262D /* Build configuration list for PBXNativeTarget "AskMonaApi" */;
			buildPhases = (
				EA368CC51FE724E1001F262D /* Sources */,
				EA368CC61FE724E1001F262D /* Frameworks */,
				EA368CC71FE724E1001F262D /* Headers */,
				EA368CC81FE724E1001F262D /* Resources */,
				EA368CF41FE734D2001F262D /* Carthage */,
				EAEC6E9F1FE91361007DDD0C /* Swiftlint */,
			);
			buildRules = (
			);
			dependencies = (
			);
			name = AskMonaApi;
			productName = AskMonaApi;
			productReference = EA368CCA1FE724E1001F262D /* AskMonaApi.framework */;
			productType = "com.apple.product-type.framework";
		};
		EA368CD21FE724E1001F262D /* AskMonaApiTests */ = {
			isa = PBXNativeTarget;
			buildConfigurationList = EA368CE11FE724E1001F262D /* Build configuration list for PBXNativeTarget "AskMonaApiTests" */;
			buildPhases = (
				EA368CCF1FE724E1001F262D /* Sources */,
				EA368CD01FE724E1001F262D /* Frameworks */,
				EA368CD11FE724E1001F262D /* Resources */,
				EA368D121FE73611001F262D /* CopyFiles */,
			);
			buildRules = (
			);
			dependencies = (
				EA368CD61FE724E1001F262D /* PBXTargetDependency */,
			);
			name = AskMonaApiTests;
			productName = AskMonaApiTests;
			productReference = EA368CD31FE724E1001F262D /* AskMonaApiTests.xctest */;
			productType = "com.apple.product-type.bundle.unit-test";
		};
/* End PBXNativeTarget section */

/* Begin PBXProject section */
		EA368CC11FE724E1001F262D /* Project object */ = {
			isa = PBXProject;
			attributes = {
				LastSwiftUpdateCheck = 0920;
				LastUpgradeCheck = 0920;
				ORGANIZATIONNAME = kz56cd;
				TargetAttributes = {
					EA368CC91FE724E1001F262D = {
						CreatedOnToolsVersion = 9.2;
						LastSwiftMigration = 0920;
						ProvisioningStyle = Automatic;
					};
					EA368CD21FE724E1001F262D = {
						CreatedOnToolsVersion = 9.2;
						ProvisioningStyle = Automatic;
					};
				};
			};
			buildConfigurationList = EA368CC41FE724E1001F262D /* Build configuration list for PBXProject "AskMonaApi" */;
			compatibilityVersion = "Xcode 8.0";
			developmentRegion = en;
			hasScannedForEncodings = 0;
			knownRegions = (
				en,
			);
			mainGroup = EA368CC01FE724E1001F262D;
			productRefGroup = EA368CCB1FE724E1001F262D /* Products */;
			projectDirPath = "";
			projectRoot = "";
			targets = (
				EA368CC91FE724E1001F262D /* AskMonaApi */,
				EA368CD21FE724E1001F262D /* AskMonaApiTests */,
			);
		};
/* End PBXProject section */

/* Begin PBXResourcesBuildPhase section */
		EA368CC81FE724E1001F262D /* Resources */ = {
			isa = PBXResourcesBuildPhase;
			buildActionMask = 2147483647;
			files = (
			);
			runOnlyForDeploymentPostprocessing = 0;
		};
		EA368CD11FE724E1001F262D /* Resources */ = {
			isa = PBXResourcesBuildPhase;
			buildActionMask = 2147483647;
			files = (
			);
			runOnlyForDeploymentPostprocessing = 0;
		};
/* End PBXResourcesBuildPhase section */

/* Begin PBXShellScriptBuildPhase section */
		EA368CF41FE734D2001F262D /* Carthage */ = {
			isa = PBXShellScriptBuildPhase;
			buildActionMask = 2147483647;
			files = (
			);
			inputPaths = (
				"$(SRCROOT)/Carthage/Build/iOS/Result.framework",
				"$(SRCROOT)/Carthage/Build/iOS/APIKit.framework",
			);
			name = Carthage;
			outputPaths = (
			);
			runOnlyForDeploymentPostprocessing = 0;
			shellPath = /bin/sh;
			shellScript = "/usr/local/bin/carthage copy-frameworks";
		};
		EAEC6E9F1FE91361007DDD0C /* Swiftlint */ = {
			isa = PBXShellScriptBuildPhase;
			buildActionMask = 2147483647;
			files = (
			);
			inputPaths = (
			);
			name = Swiftlint;
			outputPaths = (
			);
			runOnlyForDeploymentPostprocessing = 0;
			shellPath = /bin/sh;
			shellScript = "if which swiftlint >/dev/null; then\nswiftlint autocorrect\nswiftlint\nelse\necho \"SwiftLint does not exist, download from https://github.com/realm/SwiftLint\"\nfi";
		};
/* End PBXShellScriptBuildPhase section */

/* Begin PBXSourcesBuildPhase section */
		EA368CC51FE724E1001F262D /* Sources */ = {
			isa = PBXSourcesBuildPhase;
			buildActionMask = 2147483647;
			files = (
				EA8B041F1FF1D1B6008D51EB /* CommentRequest.swift in Sources */,
				EAD80BDA1FEF485C00D51E80 /* TopicListRequest.swift in Sources */,
				EA8B04181FF14562008D51EB /* Topic.swift in Sources */,
				EA8B04261FF1D2F1008D51EB /* Comment.swift in Sources */,
				EAD80BD51FEE6BFD00D51E80 /* TopicRequest.swift in Sources */,
				EAD80BD81FEF3CEF00D51E80 /* Topics.swift in Sources */,
				EA8B04241FF1D2E9008D51EB /* Comments.swift in Sources */,
				EA368D1F1FE73E18001F262D /* AskMonaSessionTask.swift in Sources */,
				EA368D231FE73EDF001F262D /* AskMonaApiClient.swift in Sources */,
				EA368D1B1FE73D9D001F262D /* AskMonaRequest.swift in Sources */,
				EA368D211FE73EA4001F262D /* AskMonaApiError.swift in Sources */,
				EA368CEC1FE727A2001F262D /* ApiRequestSetting.swift in Sources */,
				EAD80BD31FEE699300D51E80 /* TopicApiError.swift in Sources */,
				EA8B04211FF1D1C4008D51EB /* CommentListRequest.swift in Sources */,
			);
			runOnlyForDeploymentPostprocessing = 0;
		};
		EA368CCF1FE724E1001F262D /* Sources */ = {
			isa = PBXSourcesBuildPhase;
			buildActionMask = 2147483647;
			files = (
				EA368CD91FE724E1001F262D /* AskMonaApiTests.swift in Sources */,
				EA8B042B1FF1E18B008D51EB /* CommentRequestSpec.swift in Sources */,
				EAD80BE41FEF4F2000D51E80 /* TestError.swift in Sources */,
				EA368D191FE7372B001F262D /* AskMonaApiClientRequestSpec.swift in Sources */,
				EAD80BDF1FEF4B2D00D51E80 /* TopicRequestSpec.swift in Sources */,
				EAD80BE11FEF4E7100D51E80 /* TopicRequestWithNetworkSpec.swift in Sources */,
				EA8B04291FF1E180008D51EB /* CommentRequestWithNetworkSpec.swift in Sources */,
			);
			runOnlyForDeploymentPostprocessing = 0;
		};
/* End PBXSourcesBuildPhase section */

/* Begin PBXTargetDependency section */
		EA368CD61FE724E1001F262D /* PBXTargetDependency */ = {
			isa = PBXTargetDependency;
			target = EA368CC91FE724E1001F262D /* AskMonaApi */;
			targetProxy = EA368CD51FE724E1001F262D /* PBXContainerItemProxy */;
		};
/* End PBXTargetDependency section */

/* Begin XCBuildConfiguration section */
		EA368CDC1FE724E1001F262D /* Debug */ = {
			isa = XCBuildConfiguration;
			buildSettings = {
				ALWAYS_SEARCH_USER_PATHS = NO;
				CLANG_ANALYZER_NONNULL = YES;
				CLANG_ANALYZER_NUMBER_OBJECT_CONVERSION = YES_AGGRESSIVE;
				CLANG_CXX_LANGUAGE_STANDARD = "gnu++14";
				CLANG_CXX_LIBRARY = "libc++";
				CLANG_ENABLE_MODULES = YES;
				CLANG_ENABLE_OBJC_ARC = YES;
				CLANG_WARN_BLOCK_CAPTURE_AUTORELEASING = YES;
				CLANG_WARN_BOOL_CONVERSION = YES;
				CLANG_WARN_COMMA = YES;
				CLANG_WARN_CONSTANT_CONVERSION = YES;
				CLANG_WARN_DIRECT_OBJC_ISA_USAGE = YES_ERROR;
				CLANG_WARN_DOCUMENTATION_COMMENTS = YES;
				CLANG_WARN_EMPTY_BODY = YES;
				CLANG_WARN_ENUM_CONVERSION = YES;
				CLANG_WARN_INFINITE_RECURSION = YES;
				CLANG_WARN_INT_CONVERSION = YES;
				CLANG_WARN_NON_LITERAL_NULL_CONVERSION = YES;
				CLANG_WARN_OBJC_LITERAL_CONVERSION = YES;
				CLANG_WARN_OBJC_ROOT_CLASS = YES_ERROR;
				CLANG_WARN_RANGE_LOOP_ANALYSIS = YES;
				CLANG_WARN_STRICT_PROTOTYPES = YES;
				CLANG_WARN_SUSPICIOUS_MOVE = YES;
				CLANG_WARN_UNGUARDED_AVAILABILITY = YES_AGGRESSIVE;
				CLANG_WARN_UNREACHABLE_CODE = YES;
				CLANG_WARN__DUPLICATE_METHOD_MATCH = YES;
				CODE_SIGN_IDENTITY = "iPhone Developer";
				COPY_PHASE_STRIP = NO;
				CURRENT_PROJECT_VERSION = 1;
				DEBUG_INFORMATION_FORMAT = dwarf;
				ENABLE_STRICT_OBJC_MSGSEND = YES;
				ENABLE_TESTABILITY = YES;
				GCC_C_LANGUAGE_STANDARD = gnu11;
				GCC_DYNAMIC_NO_PIC = NO;
				GCC_NO_COMMON_BLOCKS = YES;
				GCC_OPTIMIZATION_LEVEL = 0;
				GCC_PREPROCESSOR_DEFINITIONS = (
					"DEBUG=1",
					"$(inherited)",
				);
				GCC_WARN_64_TO_32_BIT_CONVERSION = YES;
				GCC_WARN_ABOUT_RETURN_TYPE = YES_ERROR;
				GCC_WARN_UNDECLARED_SELECTOR = YES;
				GCC_WARN_UNINITIALIZED_AUTOS = YES_AGGRESSIVE;
				GCC_WARN_UNUSED_FUNCTION = YES;
				GCC_WARN_UNUSED_VARIABLE = YES;
				IPHONEOS_DEPLOYMENT_TARGET = 11.2;
				MTL_ENABLE_DEBUG_INFO = YES;
				ONLY_ACTIVE_ARCH = YES;
				SDKROOT = iphoneos;
				SWIFT_ACTIVE_COMPILATION_CONDITIONS = DEBUG;
				SWIFT_OPTIMIZATION_LEVEL = "-Onone";
				VERSIONING_SYSTEM = "apple-generic";
				VERSION_INFO_PREFIX = "";
			};
			name = Debug;
		};
		EA368CDD1FE724E1001F262D /* Release */ = {
			isa = XCBuildConfiguration;
			buildSettings = {
				ALWAYS_SEARCH_USER_PATHS = NO;
				CLANG_ANALYZER_NONNULL = YES;
				CLANG_ANALYZER_NUMBER_OBJECT_CONVERSION = YES_AGGRESSIVE;
				CLANG_CXX_LANGUAGE_STANDARD = "gnu++14";
				CLANG_CXX_LIBRARY = "libc++";
				CLANG_ENABLE_MODULES = YES;
				CLANG_ENABLE_OBJC_ARC = YES;
				CLANG_WARN_BLOCK_CAPTURE_AUTORELEASING = YES;
				CLANG_WARN_BOOL_CONVERSION = YES;
				CLANG_WARN_COMMA = YES;
				CLANG_WARN_CONSTANT_CONVERSION = YES;
				CLANG_WARN_DIRECT_OBJC_ISA_USAGE = YES_ERROR;
				CLANG_WARN_DOCUMENTATION_COMMENTS = YES;
				CLANG_WARN_EMPTY_BODY = YES;
				CLANG_WARN_ENUM_CONVERSION = YES;
				CLANG_WARN_INFINITE_RECURSION = YES;
				CLANG_WARN_INT_CONVERSION = YES;
				CLANG_WARN_NON_LITERAL_NULL_CONVERSION = YES;
				CLANG_WARN_OBJC_LITERAL_CONVERSION = YES;
				CLANG_WARN_OBJC_ROOT_CLASS = YES_ERROR;
				CLANG_WARN_RANGE_LOOP_ANALYSIS = YES;
				CLANG_WARN_STRICT_PROTOTYPES = YES;
				CLANG_WARN_SUSPICIOUS_MOVE = YES;
				CLANG_WARN_UNGUARDED_AVAILABILITY = YES_AGGRESSIVE;
				CLANG_WARN_UNREACHABLE_CODE = YES;
				CLANG_WARN__DUPLICATE_METHOD_MATCH = YES;
				CODE_SIGN_IDENTITY = "iPhone Developer";
				COPY_PHASE_STRIP = NO;
				CURRENT_PROJECT_VERSION = 1;
				DEBUG_INFORMATION_FORMAT = "dwarf-with-dsym";
				ENABLE_NS_ASSERTIONS = NO;
				ENABLE_STRICT_OBJC_MSGSEND = YES;
				GCC_C_LANGUAGE_STANDARD = gnu11;
				GCC_NO_COMMON_BLOCKS = YES;
				GCC_WARN_64_TO_32_BIT_CONVERSION = YES;
				GCC_WARN_ABOUT_RETURN_TYPE = YES_ERROR;
				GCC_WARN_UNDECLARED_SELECTOR = YES;
				GCC_WARN_UNINITIALIZED_AUTOS = YES_AGGRESSIVE;
				GCC_WARN_UNUSED_FUNCTION = YES;
				GCC_WARN_UNUSED_VARIABLE = YES;
				IPHONEOS_DEPLOYMENT_TARGET = 11.2;
				MTL_ENABLE_DEBUG_INFO = NO;
				SDKROOT = iphoneos;
				SWIFT_OPTIMIZATION_LEVEL = "-Owholemodule";
				VALIDATE_PRODUCT = YES;
				VERSIONING_SYSTEM = "apple-generic";
				VERSION_INFO_PREFIX = "";
			};
			name = Release;
		};
		EA368CDF1FE724E1001F262D /* Debug */ = {
			isa = XCBuildConfiguration;
			buildSettings = {
				CLANG_ENABLE_MODULES = YES;
				CODE_SIGN_IDENTITY = "";
				CODE_SIGN_STYLE = Automatic;
				DEFINES_MODULE = YES;
				DEVELOPMENT_TEAM = 3ZMTZ3U33V;
				DYLIB_COMPATIBILITY_VERSION = 1;
				DYLIB_CURRENT_VERSION = 1;
				DYLIB_INSTALL_NAME_BASE = "@rpath";
				FRAMEWORK_SEARCH_PATHS = (
					"$(inherited)",
					"$(PROJECT_DIR)/Carthage/Build/iOS",
				);
				INFOPLIST_FILE = AskMonaApi/Info.plist;
				INSTALL_PATH = "$(LOCAL_LIBRARY_DIR)/Frameworks";
				LD_RUNPATH_SEARCH_PATHS = "$(inherited) @executable_path/Frameworks @loader_path/Frameworks";
				PRODUCT_BUNDLE_IDENTIFIER = cc.kz56cd.AskMonaApi;
				PRODUCT_NAME = "$(TARGET_NAME:c99extidentifier)";
				SKIP_INSTALL = YES;
				SWIFT_OPTIMIZATION_LEVEL = "-Onone";
				SWIFT_VERSION = 4.0;
				TARGETED_DEVICE_FAMILY = "1,2";
			};
			name = Debug;
		};
		EA368CE01FE724E1001F262D /* Release */ = {
			isa = XCBuildConfiguration;
			buildSettings = {
				CLANG_ENABLE_MODULES = YES;
				CODE_SIGN_IDENTITY = "";
				CODE_SIGN_STYLE = Automatic;
				DEFINES_MODULE = YES;
				DEVELOPMENT_TEAM = 3ZMTZ3U33V;
				DYLIB_COMPATIBILITY_VERSION = 1;
				DYLIB_CURRENT_VERSION = 1;
				DYLIB_INSTALL_NAME_BASE = "@rpath";
				FRAMEWORK_SEARCH_PATHS = (
					"$(inherited)",
					"$(PROJECT_DIR)/Carthage/Build/iOS",
				);
				INFOPLIST_FILE = AskMonaApi/Info.plist;
				INSTALL_PATH = "$(LOCAL_LIBRARY_DIR)/Frameworks";
				LD_RUNPATH_SEARCH_PATHS = "$(inherited) @executable_path/Frameworks @loader_path/Frameworks";
				PRODUCT_BUNDLE_IDENTIFIER = cc.kz56cd.AskMonaApi;
				PRODUCT_NAME = "$(TARGET_NAME:c99extidentifier)";
				SKIP_INSTALL = YES;
				SWIFT_VERSION = 4.0;
				TARGETED_DEVICE_FAMILY = "1,2";
			};
			name = Release;
		};
		EA368CE21FE724E1001F262D /* Debug */ = {
			isa = XCBuildConfiguration;
			buildSettings = {
				ALWAYS_EMBED_SWIFT_STANDARD_LIBRARIES = YES;
				CODE_SIGN_STYLE = Automatic;
				DEVELOPMENT_TEAM = 3ZMTZ3U33V;
				FRAMEWORK_SEARCH_PATHS = (
					"$(inherited)",
					"$(PROJECT_DIR)/Carthage/Build/iOS",
				);
				INFOPLIST_FILE = AskMonaApiTests/Info.plist;
				LD_RUNPATH_SEARCH_PATHS = "$(inherited) @executable_path/Frameworks @loader_path/Frameworks";
				PRODUCT_BUNDLE_IDENTIFIER = cc.kz56cd.AskMonaApiTests;
				PRODUCT_NAME = "$(TARGET_NAME)";
				SWIFT_VERSION = 4.0;
				TARGETED_DEVICE_FAMILY = "1,2";
			};
			name = Debug;
		};
		EA368CE31FE724E1001F262D /* Release */ = {
			isa = XCBuildConfiguration;
			buildSettings = {
				ALWAYS_EMBED_SWIFT_STANDARD_LIBRARIES = YES;
				CODE_SIGN_STYLE = Automatic;
				DEVELOPMENT_TEAM = 3ZMTZ3U33V;
				FRAMEWORK_SEARCH_PATHS = (
					"$(inherited)",
					"$(PROJECT_DIR)/Carthage/Build/iOS",
				);
				INFOPLIST_FILE = AskMonaApiTests/Info.plist;
				LD_RUNPATH_SEARCH_PATHS = "$(inherited) @executable_path/Frameworks @loader_path/Frameworks";
				PRODUCT_BUNDLE_IDENTIFIER = cc.kz56cd.AskMonaApiTests;
				PRODUCT_NAME = "$(TARGET_NAME)";
				SWIFT_VERSION = 4.0;
				TARGETED_DEVICE_FAMILY = "1,2";
			};
			name = Release;
		};
/* End XCBuildConfiguration section */

/* Begin XCConfigurationList section */
		EA368CC41FE724E1001F262D /* Build configuration list for PBXProject "AskMonaApi" */ = {
			isa = XCConfigurationList;
			buildConfigurations = (
				EA368CDC1FE724E1001F262D /* Debug */,
				EA368CDD1FE724E1001F262D /* Release */,
			);
			defaultConfigurationIsVisible = 0;
			defaultConfigurationName = Release;
		};
		EA368CDE1FE724E1001F262D /* Build configuration list for PBXNativeTarget "AskMonaApi" */ = {
			isa = XCConfigurationList;
			buildConfigurations = (
				EA368CDF1FE724E1001F262D /* Debug */,
				EA368CE01FE724E1001F262D /* Release */,
			);
			defaultConfigurationIsVisible = 0;
			defaultConfigurationName = Release;
		};
		EA368CE11FE724E1001F262D /* Build configuration list for PBXNativeTarget "AskMonaApiTests" */ = {
			isa = XCConfigurationList;
			buildConfigurations = (
				EA368CE21FE724E1001F262D /* Debug */,
				EA368CE31FE724E1001F262D /* Release */,
			);
			defaultConfigurationIsVisible = 0;
			defaultConfigurationName = Release;
		};
/* End XCConfigurationList section */
	};
	rootObject = EA368CC11FE724E1001F262D /* Project object */;
}
